
Microsoft Visual Studio Solution File, Format Version 12.00
# Visual Studio 15
VisualStudioVersion = 15.0.26730.16
MinimumVisualStudioVersion = 10.0.40219.1
Project("{FAE04EC0-301F-11D3-BF4B-00C04F79EFBC}") = "testCut", "testCut\testCut.csproj", "{0261A9AA-7693-4577-8423-6099D2BC353B}"
EndProject
Project("{54435603-DBB4-11D2-8724-00A0C9A8B90C}") = "Setup1", "Setup1\Setup1.vdproj", "{0D2BFFBF-D7D4-41FF-9E51-BEAE6BBD23A3}"
EndProject
Global
	GlobalSection(SolutionConfigurationPlatforms) = preSolution
		Debug|Any CPU = Debug|Any CPU
		Release|Any CPU = Release|Any CPU
	EndGlobalSection
	GlobalSection(ProjectConfigurationPlatforms) = postSolution
		{0261A9AA-7693-4577-8423-6099D2BC353B}.Debug|Any CPU.ActiveCfg = Debug|Any CPU
		{0261A9AA-7693-4577-8423-6099D2BC353B}.Debug|Any CPU.Build.0 = Debug|Any CPU
		{0261A9AA-7693-4577-8423-6099D2BC353B}.Release|Any CPU.ActiveCfg = Release|Any CPU
		{0261A9AA-7693-4577-8423-6099D2BC353B}.Release|Any CPU.Build.0 = Release|Any CPU
		{0D2BFFBF-D7D4-41FF-9E51-BEAE6BBD23A3}.Debug|Any CPU.ActiveCfg = Debug
		{0D2BFFBF-D7D4-41FF-9E51-BEAE6BBD23A3}.Release|Any CPU.ActiveCfg = Release
	EndGlobalSection
	GlobalSection(SolutionProperties) = preSolution
		HideSolutionNode = FALSE
	EndGlobalSection
	GlobalSection(ExtensibilityGlobals) = postSolution
		SolutionGuid = {6DE2F4ED-0ED6-4491-8765-78BA2A060DB8}
	EndGlobalSection
EndGlobal
